
Microsoft Visual Studio Solution File, Format Version 12.00
# Visual Studio Version 16
VisualStudioVersion = 16.0.29411.108
MinimumVisualStudioVersion = 10.0.40219.1
Project("{FAE04EC0-301F-11D3-BF4B-00C04F79EFBC}") = "DowUmgClient", "DowUmgClient\DowUmgClient.csproj", "{1DD87CAE-E98D-4104-962B-810DC6A87FAE}"
EndProject
Global
	GlobalSection(SolutionConfigurationPlatforms) = preSolution
		Debug|Any CPU = Debug|Any CPU
		Release|Any CPU = Release|Any CPU
	EndGlobalSection
	GlobalSection(ProjectConfigurationPlatforms) = postSolution
		{1DD87CAE-E98D-4104-962B-810DC6A87FAE}.Debug|Any CPU.ActiveCfg = Debug|Any CPU
		{1DD87CAE-E98D-4104-962B-810DC6A87FAE}.Debug|Any CPU.Build.0 = Debug|Any CPU
		{1DD87CAE-E98D-4104-962B-810DC6A87FAE}.Release|Any CPU.ActiveCfg = Release|Any CPU
		{1DD87CAE-E98D-4104-962B-810DC6A87FAE}.Release|Any CPU.Build.0 = Release|Any CPU
	EndGlobalSection
	GlobalSection(SolutionProperties) = preSolution
		HideSolutionNode = FALSE
	EndGlobalSection
	GlobalSection(ExtensibilityGlobals) = postSolution
		SolutionGuid = {8508A73D-9F80-4F87-9E63-42AF5798940F}
	EndGlobalSection
EndGlobal
