
Microsoft Visual Studio Solution File, Format Version 12.00
# Visual Studio Version 16
VisualStudioVersion = 16.0.29411.108
MinimumVisualStudioVersion = 10.0.40219.1
Project("{9A19103F-16F7-4668-BE54-9A1E7A4F7556}") = "DowUmg.Presentation", "DowUmg.Presentation\DowUmg.Presentation.csproj", "{33BD46E9-6AF7-4932-A491-7A2A1A1A865A}"
EndProject
Project("{9A19103F-16F7-4668-BE54-9A1E7A4F7556}") = "DowUmg.Services", "DowUmg.Services\DowUmg.Services.csproj", "{E0F56965-0519-41FD-9042-132B4806FBA1}"
EndProject
Project("{9A19103F-16F7-4668-BE54-9A1E7A4F7556}") = "DowUmg.Presentation.WPF", "DowUmg.Presentation.WPF\DowUmg.Presentation.WPF.csproj", "{B4DCC1EE-27CF-4A3A-A962-CBD4F663293C}"
EndProject
Global
	GlobalSection(SolutionConfigurationPlatforms) = preSolution
		Debug|Any CPU = Debug|Any CPU
		Release|Any CPU = Release|Any CPU
	EndGlobalSection
	GlobalSection(ProjectConfigurationPlatforms) = postSolution
		{33BD46E9-6AF7-4932-A491-7A2A1A1A865A}.Debug|Any CPU.ActiveCfg = Debug|Any CPU
		{33BD46E9-6AF7-4932-A491-7A2A1A1A865A}.Debug|Any CPU.Build.0 = Debug|Any CPU
		{33BD46E9-6AF7-4932-A491-7A2A1A1A865A}.Release|Any CPU.ActiveCfg = Release|Any CPU
		{33BD46E9-6AF7-4932-A491-7A2A1A1A865A}.Release|Any CPU.Build.0 = Release|Any CPU
		{E0F56965-0519-41FD-9042-132B4806FBA1}.Debug|Any CPU.ActiveCfg = Debug|Any CPU
		{E0F56965-0519-41FD-9042-132B4806FBA1}.Debug|Any CPU.Build.0 = Debug|Any CPU
		{E0F56965-0519-41FD-9042-132B4806FBA1}.Release|Any CPU.ActiveCfg = Release|Any CPU
		{E0F56965-0519-41FD-9042-132B4806FBA1}.Release|Any CPU.Build.0 = Release|Any CPU
		{B4DCC1EE-27CF-4A3A-A962-CBD4F663293C}.Debug|Any CPU.ActiveCfg = Debug|Any CPU
		{B4DCC1EE-27CF-4A3A-A962-CBD4F663293C}.Debug|Any CPU.Build.0 = Debug|Any CPU
		{B4DCC1EE-27CF-4A3A-A962-CBD4F663293C}.Release|Any CPU.ActiveCfg = Release|Any CPU
		{B4DCC1EE-27CF-4A3A-A962-CBD4F663293C}.Release|Any CPU.Build.0 = Release|Any CPU
	EndGlobalSection
	GlobalSection(SolutionProperties) = preSolution
		HideSolutionNode = FALSE
	EndGlobalSection
	GlobalSection(ExtensibilityGlobals) = postSolution
		SolutionGuid = {8508A73D-9F80-4F87-9E63-42AF5798940F}
	EndGlobalSection
EndGlobal
