
Microsoft Visual Studio Solution File, Format Version 12.00
# Visual Studio Version 17
VisualStudioVersion = 17.0.32112.339
MinimumVisualStudioVersion = 10.0.40219.1
Project("{9A19103F-16F7-4668-BE54-9A1E7A4F7556}") = "DowUmg.Presentation", "DowUmg.Presentation\DowUmg.Presentation.csproj", "{33BD46E9-6AF7-4932-A491-7A2A1A1A865A}"
EndProject
Project("{9A19103F-16F7-4668-BE54-9A1E7A4F7556}") = "DowUmg.Presentation.WPF", "DowUmg.Presentation.WPF\DowUmg.Presentation.WPF.csproj", "{B4DCC1EE-27CF-4A3A-A962-CBD4F663293C}"
EndProject
Project("{9A19103F-16F7-4668-BE54-9A1E7A4F7556}") = "DowUmg", "DowUmg\DowUmg.csproj", "{6ADC765B-61C7-4AE1-858C-C87E3C57CBDE}"
EndProject
Project("{9A19103F-16F7-4668-BE54-9A1E7A4F7556}") = "DowUmg.Migrations", "DowUmg.Migrations\DowUmg.Migrations.csproj", "{0A7ADBC9-6663-40FA-98C3-871C1B9CF4A4}"
EndProject
Global
	GlobalSection(SolutionConfigurationPlatforms) = preSolution
		Debug|Any CPU = Debug|Any CPU
		Release|Any CPU = Release|Any CPU
	EndGlobalSection
	GlobalSection(ProjectConfigurationPlatforms) = postSolution
		{33BD46E9-6AF7-4932-A491-7A2A1A1A865A}.Debug|Any CPU.ActiveCfg = Debug|Any CPU
		{33BD46E9-6AF7-4932-A491-7A2A1A1A865A}.Debug|Any CPU.Build.0 = Debug|Any CPU
		{33BD46E9-6AF7-4932-A491-7A2A1A1A865A}.Release|Any CPU.ActiveCfg = Release|Any CPU
		{33BD46E9-6AF7-4932-A491-7A2A1A1A865A}.Release|Any CPU.Build.0 = Release|Any CPU
		{B4DCC1EE-27CF-4A3A-A962-CBD4F663293C}.Debug|Any CPU.ActiveCfg = Debug|Any CPU
		{B4DCC1EE-27CF-4A3A-A962-CBD4F663293C}.Debug|Any CPU.Build.0 = Debug|Any CPU
		{B4DCC1EE-27CF-4A3A-A962-CBD4F663293C}.Release|Any CPU.ActiveCfg = Release|Any CPU
		{B4DCC1EE-27CF-4A3A-A962-CBD4F663293C}.Release|Any CPU.Build.0 = Release|Any CPU
		{6ADC765B-61C7-4AE1-858C-C87E3C57CBDE}.Debug|Any CPU.ActiveCfg = Debug|Any CPU
		{6ADC765B-61C7-4AE1-858C-C87E3C57CBDE}.Debug|Any CPU.Build.0 = Debug|Any CPU
		{6ADC765B-61C7-4AE1-858C-C87E3C57CBDE}.Release|Any CPU.ActiveCfg = Release|Any CPU
		{6ADC765B-61C7-4AE1-858C-C87E3C57CBDE}.Release|Any CPU.Build.0 = Release|Any CPU
		{0A7ADBC9-6663-40FA-98C3-871C1B9CF4A4}.Debug|Any CPU.ActiveCfg = Debug|Any CPU
		{0A7ADBC9-6663-40FA-98C3-871C1B9CF4A4}.Debug|Any CPU.Build.0 = Debug|Any CPU
		{0A7ADBC9-6663-40FA-98C3-871C1B9CF4A4}.Release|Any CPU.ActiveCfg = Release|Any CPU
		{0A7ADBC9-6663-40FA-98C3-871C1B9CF4A4}.Release|Any CPU.Build.0 = Release|Any CPU
	EndGlobalSection
	GlobalSection(SolutionProperties) = preSolution
		HideSolutionNode = FALSE
	EndGlobalSection
	GlobalSection(ExtensibilityGlobals) = postSolution
		SolutionGuid = {8508A73D-9F80-4F87-9E63-42AF5798940F}
	EndGlobalSection
EndGlobal
